
Microsoft Visual Studio Solution File, Format Version 12.00
# Visual Studio Version 17
VisualStudioVersion = 17.4.33213.308
MinimumVisualStudioVersion = 10.0.40219.1
Project("{FAE04EC0-301F-11D3-BF4B-00C04F79EFBC}") = "OnlineComplaintRegister", "OnlineComplaintRegister\OnlineComplaintRegister.csproj", "{7BE6A278-B9BF-402D-9F2D-C0D93ED2920D}"
EndProject
Global
	GlobalSection(SolutionConfigurationPlatforms) = preSolution
		Debug|Any CPU = Debug|Any CPU
		Release|Any CPU = Release|Any CPU
	EndGlobalSection
	GlobalSection(ProjectConfigurationPlatforms) = postSolution
		{7BE6A278-B9BF-402D-9F2D-C0D93ED2920D}.Debug|Any CPU.ActiveCfg = Debug|Any CPU
		{7BE6A278-B9BF-402D-9F2D-C0D93ED2920D}.Debug|Any CPU.Build.0 = Debug|Any CPU
		{7BE6A278-B9BF-402D-9F2D-C0D93ED2920D}.Release|Any CPU.ActiveCfg = Release|Any CPU
		{7BE6A278-B9BF-402D-9F2D-C0D93ED2920D}.Release|Any CPU.Build.0 = Release|Any CPU
	EndGlobalSection
	GlobalSection(SolutionProperties) = preSolution
		HideSolutionNode = FALSE
	EndGlobalSection
	GlobalSection(ExtensibilityGlobals) = postSolution
		SolutionGuid = {331416CE-1F17-4D16-AAB0-2ADCD407873A}
	EndGlobalSection
EndGlobal
