
Microsoft Visual Studio Solution File, Format Version 12.00
# Visual Studio Version 17
VisualStudioVersion = 17.4.33403.182
MinimumVisualStudioVersion = 10.0.40219.1
Project("{FAE04EC0-301F-11D3-BF4B-00C04F79EFBC}") = "KampusLearn_MVC", "KampusLearn_MVC\KampusLearn_MVC.csproj", "{3D81F798-8F18-412C-B8C3-6F6E4F9D8B7F}"
EndProject
Project("{FAE04EC0-301F-11D3-BF4B-00C04F79EFBC}") = "KampusLearn_webApp", "KampusLearn_webApp\KampusLearn_webApp.csproj", "{3607C69C-3BF7-470A-A206-3F4E6B3D45A4}"
EndProject
Project("{FAE04EC0-301F-11D3-BF4B-00C04F79EFBC}") = "Kampus_learn_webApi", "Kampus_learn_webApi\Kampus_learn_webApi.csproj", "{EFE3F8DB-D086-4B5E-A904-9110AE0AE33B}"
EndProject
Global
	GlobalSection(SolutionConfigurationPlatforms) = preSolution
		Debug|Any CPU = Debug|Any CPU
		Release|Any CPU = Release|Any CPU
	EndGlobalSection
	GlobalSection(ProjectConfigurationPlatforms) = postSolution
		{3D81F798-8F18-412C-B8C3-6F6E4F9D8B7F}.Debug|Any CPU.ActiveCfg = Debug|Any CPU
		{3D81F798-8F18-412C-B8C3-6F6E4F9D8B7F}.Debug|Any CPU.Build.0 = Debug|Any CPU
		{3D81F798-8F18-412C-B8C3-6F6E4F9D8B7F}.Release|Any CPU.ActiveCfg = Release|Any CPU
		{3D81F798-8F18-412C-B8C3-6F6E4F9D8B7F}.Release|Any CPU.Build.0 = Release|Any CPU
		{3607C69C-3BF7-470A-A206-3F4E6B3D45A4}.Debug|Any CPU.ActiveCfg = Debug|Any CPU
		{3607C69C-3BF7-470A-A206-3F4E6B3D45A4}.Debug|Any CPU.Build.0 = Debug|Any CPU
		{3607C69C-3BF7-470A-A206-3F4E6B3D45A4}.Release|Any CPU.ActiveCfg = Release|Any CPU
		{3607C69C-3BF7-470A-A206-3F4E6B3D45A4}.Release|Any CPU.Build.0 = Release|Any CPU
		{EFE3F8DB-D086-4B5E-A904-9110AE0AE33B}.Debug|Any CPU.ActiveCfg = Debug|Any CPU
		{EFE3F8DB-D086-4B5E-A904-9110AE0AE33B}.Debug|Any CPU.Build.0 = Debug|Any CPU
		{EFE3F8DB-D086-4B5E-A904-9110AE0AE33B}.Release|Any CPU.ActiveCfg = Release|Any CPU
		{EFE3F8DB-D086-4B5E-A904-9110AE0AE33B}.Release|Any CPU.Build.0 = Release|Any CPU
	EndGlobalSection
	GlobalSection(SolutionProperties) = preSolution
		HideSolutionNode = FALSE
	EndGlobalSection
	GlobalSection(ExtensibilityGlobals) = postSolution
		SolutionGuid = {70ED72EA-180B-486E-84F4-64B303B5B688}
	EndGlobalSection
EndGlobal
