
Microsoft Visual Studio Solution File, Format Version 12.00
# Visual Studio Version 17
VisualStudioVersion = 17.4.33403.182
MinimumVisualStudioVersion = 10.0.40219.1
Project("{FAE04EC0-301F-11D3-BF4B-00C04F79EFBC}") = "JwtAuth", "JwtAuth\JwtAuth.csproj", "{31133C5D-D266-44EF-8C5D-2FA3A7A32291}"
EndProject
Global
	GlobalSection(SolutionConfigurationPlatforms) = preSolution
		Debug|Any CPU = Debug|Any CPU
		Release|Any CPU = Release|Any CPU
	EndGlobalSection
	GlobalSection(ProjectConfigurationPlatforms) = postSolution
		{31133C5D-D266-44EF-8C5D-2FA3A7A32291}.Debug|Any CPU.ActiveCfg = Debug|Any CPU
		{31133C5D-D266-44EF-8C5D-2FA3A7A32291}.Debug|Any CPU.Build.0 = Debug|Any CPU
		{31133C5D-D266-44EF-8C5D-2FA3A7A32291}.Release|Any CPU.ActiveCfg = Release|Any CPU
		{31133C5D-D266-44EF-8C5D-2FA3A7A32291}.Release|Any CPU.Build.0 = Release|Any CPU
	EndGlobalSection
	GlobalSection(SolutionProperties) = preSolution
		HideSolutionNode = FALSE
	EndGlobalSection
	GlobalSection(ExtensibilityGlobals) = postSolution
		SolutionGuid = {1A03C337-9DA1-4502-A897-4CB7984B244E}
	EndGlobalSection
EndGlobal
